// !$*UTF8*$!
{
	archiveVersion = 1;
	classes = {
	};
	objectVersion = 46;
	objects = {

/* Begin PBXBuildFile section */
		A30EF60A17D231380089D859 /* Foundation.framework in Frameworks */ = {isa = PBXBuildFile; fileRef = A30EF60917D231380089D859 /* Foundation.framework */; };
		A30EF60C17D231380089D859 /* CoreGraphics.framework in Frameworks */ = {isa = PBXBuildFile; fileRef = A30EF60B17D231380089D859 /* CoreGraphics.framework */; };
		A30EF60E17D231380089D859 /* UIKit.framework in Frameworks */ = {isa = PBXBuildFile; fileRef = A30EF60D17D231380089D859 /* UIKit.framework */; };
		A30EF61417D231380089D859 /* InfoPlist.strings in Resources */ = {isa = PBXBuildFile; fileRef = A30EF61217D231380089D859 /* InfoPlist.strings */; };
		A30EF61617D231380089D859 /* main.m in Sources */ = {isa = PBXBuildFile; fileRef = A30EF61517D231380089D859 /* main.m */; };
		A30EF61A17D231380089D859 /* AppDelegate.m in Sources */ = {isa = PBXBuildFile; fileRef = A30EF61917D231380089D859 /* AppDelegate.m */; };
		A30EF61D17D231380089D859 /* Main.storyboard in Resources */ = {isa = PBXBuildFile; fileRef = A30EF61B17D231380089D859 /* Main.storyboard */; };
		A30EF62017D231380089D859 /* ViewController.m in Sources */ = {isa = PBXBuildFile; fileRef = A30EF61F17D231380089D859 /* ViewController.m */; };
		A30EF62217D231390089D859 /* Images.xcassets in Resources */ = {isa = PBXBuildFile; fileRef = A30EF62117D231390089D859 /* Images.xcassets */; };
		A30EF62917D231390089D859 /* XCTest.framework in Frameworks */ = {isa = PBXBuildFile; fileRef = A30EF62817D231390089D859 /* XCTest.framework */; };
		A30EF62A17D231390089D859 /* Foundation.framework in Frameworks */ = {isa = PBXBuildFile; fileRef = A30EF60917D231380089D859 /* Foundation.framework */; };
		A30EF62B17D231390089D859 /* UIKit.framework in Frameworks */ = {isa = PBXBuildFile; fileRef = A30EF60D17D231380089D859 /* UIKit.framework */; };
		A30EF63317D231390089D859 /* InfoPlist.strings in Resources */ = {isa = PBXBuildFile; fileRef = A30EF63117D231390089D859 /* InfoPlist.strings */; };
		A30EF63517D231390089D859 /* textMsgTests.m in Sources */ = {isa = PBXBuildFile; fileRef = A30EF63417D231390089D859 /* textMsgTests.m */; };
		A30EF63F17D234F70089D859 /* MessageUI.framework in Frameworks */ = {isa = PBXBuildFile; fileRef = A30EF63E17D234F70089D859 /* MessageUI.framework */; };
/* End PBXBuildFile section */

/* Begin PBXContainerItemProxy section */
		A30EF62C17D231390089D859 /* PBXContainerItemProxy */ = {
			isa = PBXContainerItemProxy;
			containerPortal = A30EF5FE17D231380089D859 /* Project object */;
			proxyType = 1;
			remoteGlobalIDString = A30EF60517D231380089D859;
			remoteInfo = textMsg;
		};
/* End PBXContainerItemProxy section */

/* Begin PBXFileReference section */
		A30EF60617D231380089D859 /* textMsg.app */ = {isa = PBXFileReference; explicitFileType = wrapper.application; includeInIndex = 0; path = textMsg.app; sourceTree = BUILT_PRODUCTS_DIR; };
		A30EF60917D231380089D859 /* Foundation.framework */ = {isa = PBXFileReference; lastKnownFileType = wrapper.framework; name = Foundation.framework; path = System/Library/Frameworks/Foundation.framework; sourceTree = SDKROOT; };
		A30EF60B17D231380089D859 /* CoreGraphics.framework */ = {isa = PBXFileReference; lastKnownFileType = wrapper.framework; name = CoreGraphics.framework; path = System/Library/Frameworks/CoreGraphics.framework; sourceTree = SDKROOT; };
		A30EF60D17D231380089D859 /* UIKit.framework */ = {isa = PBXFileReference; lastKnownFileType = wrapper.framework; name = UIKit.framework; path = System/Library/Frameworks/UIKit.framework; sourceTree = SDKROOT; };
		A30EF61117D231380089D859 /* textMsg-Info.plist */ = {isa = PBXFileReference; lastKnownFileType = text.plist.xml; path = "textMsg-Info.plist"; sourceTree = "<group>"; };
		A30EF61317D231380089D859 /* en */ = {isa = PBXFileReference; lastKnownFileType = text.plist.strings; name = en; path = en.lproj/InfoPlist.strings; sourceTree = "<group>"; };
		A30EF61517D231380089D859 /* main.m */ = {isa = PBXFileReference; lastKnownFileType = sourcecode.c.objc; path = main.m; sourceTree = "<group>"; };
		A30EF61717D231380089D859 /* textMsg-Prefix.pch */ = {isa = PBXFileReference; lastKnownFileType = sourcecode.c.h; path = "textMsg-Prefix.pch"; sourceTree = "<group>"; };
		A30EF61817D231380089D859 /* AppDelegate.h */ = {isa = PBXFileReference; lastKnownFileType = sourcecode.c.h; path = AppDelegate.h; sourceTree = "<group>"; };
		A30EF61917D231380089D859 /* AppDelegate.m */ = {isa = PBXFileReference; lastKnownFileType = sourcecode.c.objc; path = AppDelegate.m; sourceTree = "<group>"; };
		A30EF61C17D231380089D859 /* Base */ = {isa = PBXFileReference; lastKnownFileType = file.storyboard; name = Base; path = Base.lproj/Main.storyboard; sourceTree = "<group>"; };
		A30EF61E17D231380089D859 /* ViewController.h */ = {isa = PBXFileReference; lastKnownFileType = sourcecode.c.h; path = ViewController.h; sourceTree = "<group>"; };
		A30EF61F17D231380089D859 /* ViewController.m */ = {isa = PBXFileReference; lastKnownFileType = sourcecode.c.objc; path = ViewController.m; sourceTree = "<group>"; };
		A30EF62117D231390089D859 /* Images.xcassets */ = {isa = PBXFileReference; lastKnownFileType = folder.assetcatalog; path = Images.xcassets; sourceTree = "<group>"; };
		A30EF62717D231390089D859 /* textMsgTests.xctest */ = {isa = PBXFileReference; explicitFileType = wrapper.cfbundle; includeInIndex = 0; path = textMsgTests.xctest; sourceTree = BUILT_PRODUCTS_DIR; };
		A30EF62817D231390089D859 /* XCTest.framework */ = {isa = PBXFileReference; lastKnownFileType = wrapper.framework; name = XCTest.framework; path = Library/Frameworks/XCTest.framework; sourceTree = DEVELOPER_DIR; };
		A30EF63017D231390089D859 /* textMsgTests-Info.plist */ = {isa = PBXFileReference; lastKnownFileType = text.plist.xml; path = "textMsgTests-Info.plist"; sourceTree = "<group>"; };
		A30EF63217D231390089D859 /* en */ = {isa = PBXFileReference; lastKnownFileType = text.plist.strings; name = en; path = en.lproj/InfoPlist.strings; sourceTree = "<group>"; };
		A30EF63417D231390089D859 /* textMsgTests.m */ = {isa = PBXFileReference; lastKnownFileType = sourcecode.c.objc; path = textMsgTests.m; sourceTree = "<group>"; };
		A30EF63E17D234F70089D859 /* MessageUI.framework */ = {isa = PBXFileReference; lastKnownFileType = wrapper.framework; name = MessageUI.framework; path = System/Library/Frameworks/MessageUI.framework; sourceTree = SDKROOT; };
/* End PBXFileReference section */

/* Begin PBXFrameworksBuildPhase section */
		A30EF60317D231380089D859 /* Frameworks */ = {
			isa = PBXFrameworksBuildPhase;
			buildActionMask = 2147483647;
			files = (
				A30EF63F17D234F70089D859 /* MessageUI.framework in Frameworks */,
				A30EF60C17D231380089D859 /* CoreGraphics.framework in Frameworks */,
				A30EF60E17D231380089D859 /* UIKit.framework in Frameworks */,
				A30EF60A17D231380089D859 /* Foundation.framework in Frameworks */,
			);
			runOnlyForDeploymentPostprocessing = 0;
		};
		A30EF62417D231390089D859 /* Frameworks */ = {
			isa = PBXFrameworksBuildPhase;
			buildActionMask = 2147483647;
			files = (
				A30EF62917D231390089D859 /* XCTest.framework in Frameworks */,
				A30EF62B17D231390089D859 /* UIKit.framework in Frameworks */,
				A30EF62A17D231390089D859 /* Foundation.framework in Frameworks */,
			);
			runOnlyForDeploymentPostprocessing = 0;
		};
/* End PBXFrameworksBuildPhase section */

/* Begin PBXGroup section */
		A30EF5FD17D231380089D859 = {
			isa = PBXGroup;
			children = (
				A30EF60F17D231380089D859 /* textMsg */,
				A30EF62E17D231390089D859 /* textMsgTests */,
				A30EF60817D231380089D859 /* Frameworks */,
				A30EF60717D231380089D859 /* Products */,
			);
			sourceTree = "<group>";
		};
		A30EF60717D231380089D859 /* Products */ = {
			isa = PBXGroup;
			children = (
				A30EF60617D231380089D859 /* textMsg.app */,
				A30EF62717D231390089D859 /* textMsgTests.xctest */,
			);
			name = Products;
			sourceTree = "<group>";
		};
		A30EF60817D231380089D859 /* Frameworks */ = {
			isa = PBXGroup;
			children = (
				A30EF63E17D234F70089D859 /* MessageUI.framework */,
				A30EF60917D231380089D859 /* Foundation.framework */,
				A30EF60B17D231380089D859 /* CoreGraphics.framework */,
				A30EF60D17D231380089D859 /* UIKit.framework */,
				A30EF62817D231390089D859 /* XCTest.framework */,
			);
			name = Frameworks;
			sourceTree = "<group>";
		};
		A30EF60F17D231380089D859 /* textMsg */ = {
			isa = PBXGroup;
			children = (
				A30EF61817D231380089D859 /* AppDelegate.h */,
				A30EF61917D231380089D859 /* AppDelegate.m */,
				A30EF61B17D231380089D859 /* Main.storyboard */,
				A30EF61E17D231380089D859 /* ViewController.h */,
				A30EF61F17D231380089D859 /* ViewController.m */,
				A30EF62117D231390089D859 /* Images.xcassets */,
				A30EF61017D231380089D859 /* Supporting Files */,
			);
			path = textMsg;
			sourceTree = "<group>";
		};
		A30EF61017D231380089D859 /* Supporting Files */ = {
			isa = PBXGroup;
			children = (
				A30EF61117D231380089D859 /* textMsg-Info.plist */,
				A30EF61217D231380089D859 /* InfoPlist.strings */,
				A30EF61517D231380089D859 /* main.m */,
				A30EF61717D231380089D859 /* textMsg-Prefix.pch */,
			);
			name = "Supporting Files";
			sourceTree = "<group>";
		};
		A30EF62E17D231390089D859 /* textMsgTests */ = {
			isa = PBXGroup;
			children = (
				A30EF63417D231390089D859 /* textMsgTests.m */,
				A30EF62F17D231390089D859 /* Supporting Files */,
			);
			path = textMsgTests;
			sourceTree = "<group>";
		};
		A30EF62F17D231390089D859 /* Supporting Files */ = {
			isa = PBXGroup;
			children = (
				A30EF63017D231390089D859 /* textMsgTests-Info.plist */,
				A30EF63117D231390089D859 /* InfoPlist.strings */,
			);
			name = "Supporting Files";
			sourceTree = "<group>";
		};
/* End PBXGroup section */

/* Begin PBXNativeTarget section */
		A30EF60517D231380089D859 /* textMsg */ = {
			isa = PBXNativeTarget;
			buildConfigurationList = A30EF63817D231390089D859 /* Build configuration list for PBXNativeTarget "textMsg" */;
			buildPhases = (
				A30EF60217D231380089D859 /* Sources */,
				A30EF60317D231380089D859 /* Frameworks */,
				A30EF60417D231380089D859 /* Resources */,
			);
			buildRules = (
			);
			dependencies = (
			);
			name = textMsg;
			productName = textMsg;
			productReference = A30EF60617D231380089D859 /* textMsg.app */;
			productType = "com.apple.product-type.application";
		};
		A30EF62617D231390089D859 /* textMsgTests */ = {
			isa = PBXNativeTarget;
			buildConfigurationList = A30EF63B17D231390089D859 /* Build configuration list for PBXNativeTarget "textMsgTests" */;
			buildPhases = (
				A30EF62317D231390089D859 /* Sources */,
				A30EF62417D231390089D859 /* Frameworks */,
				A30EF62517D231390089D859 /* Resources */,
			);
			buildRules = (
			);
			dependencies = (
				A30EF62D17D231390089D859 /* PBXTargetDependency */,
			);
			name = textMsgTests;
			productName = textMsgTests;
			productReference = A30EF62717D231390089D859 /* textMsgTests.xctest */;
			productType = "com.apple.product-type.bundle.unit-test";
		};
/* End PBXNativeTarget section */

/* Begin PBXProject section */
		A30EF5FE17D231380089D859 /* Project object */ = {
			isa = PBXProject;
			attributes = {
				LastUpgradeCheck = 0500;
				ORGANIZATIONNAME = "Richard Morena";
				TargetAttributes = {
					A30EF62617D231390089D859 = {
						TestTargetID = A30EF60517D231380089D859;
					};
				};
			};
			buildConfigurationList = A30EF60117D231380089D859 /* Build configuration list for PBXProject "textMsg" */;
			compatibilityVersion = "Xcode 3.2";
			developmentRegion = English;
			hasScannedForEncodings = 0;
			knownRegions = (
				en,
				Base,
			);
			mainGroup = A30EF5FD17D231380089D859;
			productRefGroup = A30EF60717D231380089D859 /* Products */;
			projectDirPath = "";
			projectRoot = "";
			targets = (
				A30EF60517D231380089D859 /* textMsg */,
				A30EF62617D231390089D859 /* textMsgTests */,
			);
		};
/* End PBXProject section */

/* Begin PBXResourcesBuildPhase section */
		A30EF60417D231380089D859 /* Resources */ = {
			isa = PBXResourcesBuildPhase;
			buildActionMask = 2147483647;
			files = (
				A30EF62217D231390089D859 /* Images.xcassets in Resources */,
				A30EF61417D231380089D859 /* InfoPlist.strings in Resources */,
				A30EF61D17D231380089D859 /* Main.storyboard in Resources */,
			);
			runOnlyForDeploymentPostprocessing = 0;
		};
		A30EF62517D231390089D859 /* Resources */ = {
			isa = PBXResourcesBuildPhase;
			buildActionMask = 2147483647;
			files = (
				A30EF63317D231390089D859 /* InfoPlist.strings in Resources */,
			);
			runOnlyForDeploymentPostprocessing = 0;
		};
/* End PBXResourcesBuildPhase section */

/* Begin PBXSourcesBuildPhase section */
		A30EF60217D231380089D859 /* Sources */ = {
			isa = PBXSourcesBuildPhase;
			buildActionMask = 2147483647;
			files = (
				A30EF62017D231380089D859 /* ViewController.m in Sources */,
				A30EF61A17D231380089D859 /* AppDelegate.m in Sources */,
				A30EF61617D231380089D859 /* main.m in Sources */,
			);
			runOnlyForDeploymentPostprocessing = 0;
		};
		A30EF62317D231390089D859 /* Sources */ = {
			isa = PBXSourcesBuildPhase;
			buildActionMask = 2147483647;
			files = (
				A30EF63517D231390089D859 /* textMsgTests.m in Sources */,
			);
			runOnlyForDeploymentPostprocessing = 0;
		};
/* End PBXSourcesBuildPhase section */

/* Begin PBXTargetDependency section */
		A30EF62D17D231390089D859 /* PBXTargetDependency */ = {
			isa = PBXTargetDependency;
			target = A30EF60517D231380089D859 /* textMsg */;
			targetProxy = A30EF62C17D231390089D859 /* PBXContainerItemProxy */;
		};
/* End PBXTargetDependency section */

/* Begin PBXVariantGroup section */
		A30EF61217D231380089D859 /* InfoPlist.strings */ = {
			isa = PBXVariantGroup;
			children = (
				A30EF61317D231380089D859 /* en */,
			);
			name = InfoPlist.strings;
			sourceTree = "<group>";
		};
		A30EF61B17D231380089D859 /* Main.storyboard */ = {
			isa = PBXVariantGroup;
			children = (
				A30EF61C17D231380089D859 /* Base */,
			);
			name = Main.storyboard;
			sourceTree = "<group>";
		};
		A30EF63117D231390089D859 /* InfoPlist.strings */ = {
			isa = PBXVariantGroup;
			children = (
				A30EF63217D231390089D859 /* en */,
			);
			name = InfoPlist.strings;
			sourceTree = "<group>";
		};
/* End PBXVariantGroup section */

/* Begin XCBuildConfiguration section */
		A30EF63617D231390089D859 /* Debug */ = {
			isa = XCBuildConfiguration;
			buildSettings = {
				ALWAYS_SEARCH_USER_PATHS = NO;
				CLANG_CXX_LANGUAGE_STANDARD = "gnu++0x";
				CLANG_CXX_LIBRARY = "libc++";
				CLANG_ENABLE_MODULES = YES;
				CLANG_ENABLE_OBJC_ARC = YES;
				CLANG_WARN_BOOL_CONVERSION = YES;
				CLANG_WARN_CONSTANT_CONVERSION = YES;
				CLANG_WARN_DIRECT_OBJC_ISA_USAGE = YES_ERROR;
				CLANG_WARN_EMPTY_BODY = YES;
				CLANG_WARN_ENUM_CONVERSION = YES;
				CLANG_WARN_INT_CONVERSION = YES;
				CLANG_WARN_OBJC_ROOT_CLASS = YES_ERROR;
				CLANG_WARN__DUPLICATE_METHOD_MATCH = YES;
				"CODE_SIGN_IDENTITY[sdk=iphoneos*]" = "iPhone Developer";
				COPY_PHASE_STRIP = NO;
				GCC_C_LANGUAGE_STANDARD = gnu99;
				GCC_DYNAMIC_NO_PIC = NO;
				GCC_OPTIMIZATION_LEVEL = 0;
				GCC_PREPROCESSOR_DEFINITIONS = (
					"DEBUG=1",
					"$(inherited)",
				);
				GCC_SYMBOLS_PRIVATE_EXTERN = NO;
				GCC_WARN_ABOUT_RETURN_TYPE = YES_ERROR;
				GCC_WARN_UNDECLARED_SELECTOR = YES;
				GCC_WARN_UNINITIALIZED_AUTOS = YES;
				GCC_WARN_UNUSED_FUNCTION = YES;
				GCC_WARN_UNUSED_VARIABLE = YES;
				IPHONEOS_DEPLOYMENT_TARGET = 7.0;
				ONLY_ACTIVE_ARCH = YES;
				SDKROOT = iphoneos;
			};
			name = Debug;
		};
		A30EF63717D231390089D859 /* Release */ = {
			isa = XCBuildConfiguration;
			buildSettings = {
				ALWAYS_SEARCH_USER_PATHS = NO;
				CLANG_CXX_LANGUAGE_STANDARD = "gnu++0x";
				CLANG_CXX_LIBRARY = "libc++";
				CLANG_ENABLE_MODULES = YES;
				CLANG_ENABLE_OBJC_ARC = YES;
				CLANG_WARN_BOOL_CONVERSION = YES;
				CLANG_WARN_CONSTANT_CONVERSION = YES;
				CLANG_WARN_DIRECT_OBJC_ISA_USAGE = YES_ERROR;
				CLANG_WARN_EMPTY_BODY = YES;
				CLANG_WARN_ENUM_CONVERSION = YES;
				CLANG_WARN_INT_CONVERSION = YES;
				CLANG_WARN_OBJC_ROOT_CLASS = YES_ERROR;
				CLANG_WARN__DUPLICATE_METHOD_MATCH = YES;
				"CODE_SIGN_IDENTITY[sdk=iphoneos*]" = "iPhone Developer";
				COPY_PHASE_STRIP = YES;
				ENABLE_NS_ASSERTIONS = NO;
				GCC_C_LANGUAGE_STANDARD = gnu99;
				GCC_WARN_ABOUT_RETURN_TYPE = YES_ERROR;
				GCC_WARN_UNDECLARED_SELECTOR = YES;
				GCC_WARN_UNINITIALIZED_AUTOS = YES;
				GCC_WARN_UNUSED_FUNCTION = YES;
				GCC_WARN_UNUSED_VARIABLE = YES;
				IPHONEOS_DEPLOYMENT_TARGET = 7.0;
				SDKROOT = iphoneos;
				VALIDATE_PRODUCT = YES;
			};
			name = Release;
		};
		A30EF63917D231390089D859 /* Debug */ = {
			isa = XCBuildConfiguration;
			buildSettings = {
				ASSETCATALOG_COMPILER_APPICON_NAME = AppIcon;
				ASSETCATALOG_COMPILER_LAUNCHIMAGE_NAME = LaunchImage;
				GCC_PRECOMPILE_PREFIX_HEADER = YES;
				GCC_PREFIX_HEADER = "textMsg/textMsg-Prefix.pch";
				INFOPLIST_FILE = "textMsg/textMsg-Info.plist";
				PRODUCT_NAME = "$(TARGET_NAME)";
				WRAPPER_EXTENSION = app;
			};
			name = Debug;
		};
		A30EF63A17D231390089D859 /* Release */ = {
			isa = XCBuildConfiguration;
			buildSettings = {
				ASSETCATALOG_COMPILER_APPICON_NAME = AppIcon;
				ASSETCATALOG_COMPILER_LAUNCHIMAGE_NAME = LaunchImage;
				GCC_PRECOMPILE_PREFIX_HEADER = YES;
				GCC_PREFIX_HEADER = "textMsg/textMsg-Prefix.pch";
				INFOPLIST_FILE = "textMsg/textMsg-Info.plist";
				PRODUCT_NAME = "$(TARGET_NAME)";
				WRAPPER_EXTENSION = app;
			};
			name = Release;
		};
		A30EF63C17D231390089D859 /* Debug */ = {
			isa = XCBuildConfiguration;
			buildSettings = {
				BUNDLE_LOADER = "$(BUILT_PRODUCTS_DIR)/textMsg.app/textMsg";
				FRAMEWORK_SEARCH_PATHS = (
					"$(SDKROOT)/Developer/Library/Frameworks",
					"$(inherited)",
					"$(SYSTEM_APPS_DIR)/Xcode5-DP.app/Contents/Developer/Library/Frameworks",
				);
				GCC_PRECOMPILE_PREFIX_HEADER = YES;
				GCC_PREFIX_HEADER = "textMsg/textMsg-Prefix.pch";
				GCC_PREPROCESSOR_DEFINITIONS = (
					"DEBUG=1",
					"$(inherited)",
				);
				INFOPLIST_FILE = "textMsgTests/textMsgTests-Info.plist";
				PRODUCT_NAME = "$(TARGET_NAME)";
				TEST_HOST = "$(BUNDLE_LOADER)";
				WRAPPER_EXTENSION = xctest;
			};
			name = Debug;
		};
		A30EF63D17D231390089D859 /* Release */ = {
			isa = XCBuildConfiguration;
			buildSettings = {
				BUNDLE_LOADER = "$(BUILT_PRODUCTS_DIR)/textMsg.app/textMsg";
				FRAMEWORK_SEARCH_PATHS = (
					"$(SDKROOT)/Developer/Library/Frameworks",
					"$(inherited)",
					"$(SYSTEM_APPS_DIR)/Xcode5-DP.app/Contents/Developer/Library/Frameworks",
				);
				GCC_PRECOMPILE_PREFIX_HEADER = YES;
				GCC_PREFIX_HEADER = "textMsg/textMsg-Prefix.pch";
				INFOPLIST_FILE = "textMsgTests/textMsgTests-Info.plist";
				PRODUCT_NAME = "$(TARGET_NAME)";
				TEST_HOST = "$(BUNDLE_LOADER)";
				WRAPPER_EXTENSION = xctest;
			};
			name = Release;
		};
/* End XCBuildConfiguration section */

/* Begin XCConfigurationList section */
		A30EF60117D231380089D859 /* Build configuration list for PBXProject "textMsg" */ = {
			isa = XCConfigurationList;
			buildConfigurations = (
				A30EF63617D231390089D859 /* Debug */,
				A30EF63717D231390089D859 /* Release */,
			);
			defaultConfigurationIsVisible = 0;
			defaultConfigurationName = Release;
		};
		A30EF63817D231390089D859 /* Build configuration list for PBXNativeTarget "textMsg" */ = {
			isa = XCConfigurationList;
			buildConfigurations = (
				A30EF63917D231390089D859 /* Debug */,
				A30EF63A17D231390089D859 /* Release */,
			);
			defaultConfigurationIsVisible = 0;
		};
		A30EF63B17D231390089D859 /* Build configuration list for PBXNativeTarget "textMsgTests" */ = {
			isa = XCConfigurationList;
			buildConfigurations = (
				A30EF63C17D231390089D859 /* Debug */,
				A30EF63D17D231390089D859 /* Release */,
			);
			defaultConfigurationIsVisible = 0;
		};
/* End XCConfigurationList section */
	};
	rootObject = A30EF5FE17D231380089D859 /* Project object */;
}
